
Microsoft Visual Studio Solution File, Format Version 12.00
# Visual Studio Version 16
VisualStudioVersion = 16.0.33927.289
MinimumVisualStudioVersion = 10.0.40219.1
Project("{FAE04EC0-301F-11D3-BF4B-00C04F79EFBC}") = "MotionTestSystem", "MotionTestSystem\MotionTestSystem.csproj", "{0756F979-54D7-4B77-920B-71C39E05676C}"
EndProject
Project("{FAE04EC0-301F-11D3-BF4B-00C04F79EFBC}") = "thinger.AutomaticStoreMotionModels", "thinger.AutomaticStoreMotionModels\thinger.AutomaticStoreMotionModels.csproj", "{C792FE29-41F8-4DEC-8A61-FBE75AF96539}"
EndProject
Project("{FAE04EC0-301F-11D3-BF4B-00C04F79EFBC}") = "thinger.AutomaticStoreMotionDAL", "thinger.AutomaticStoreMotionDAL\thinger.AutomaticStoreMotionDAL.csproj", "{F18AF297-C172-4FE0-AE4E-2E052128FABA}"
EndProject
Global
	GlobalSection(SolutionConfigurationPlatforms) = preSolution
		Debug|Any CPU = Debug|Any CPU
		Release|Any CPU = Release|Any CPU
	EndGlobalSection
	GlobalSection(ProjectConfigurationPlatforms) = postSolution
		{0756F979-54D7-4B77-920B-71C39E05676C}.Debug|Any CPU.ActiveCfg = Debug|Any CPU
		{0756F979-54D7-4B77-920B-71C39E05676C}.Debug|Any CPU.Build.0 = Debug|Any CPU
		{0756F979-54D7-4B77-920B-71C39E05676C}.Release|Any CPU.ActiveCfg = Release|Any CPU
		{0756F979-54D7-4B77-920B-71C39E05676C}.Release|Any CPU.Build.0 = Release|Any CPU
		{C792FE29-41F8-4DEC-8A61-FBE75AF96539}.Debug|Any CPU.ActiveCfg = Debug|Any CPU
		{C792FE29-41F8-4DEC-8A61-FBE75AF96539}.Debug|Any CPU.Build.0 = Debug|Any CPU
		{C792FE29-41F8-4DEC-8A61-FBE75AF96539}.Release|Any CPU.ActiveCfg = Release|Any CPU
		{C792FE29-41F8-4DEC-8A61-FBE75AF96539}.Release|Any CPU.Build.0 = Release|Any CPU
		{F18AF297-C172-4FE0-AE4E-2E052128FABA}.Debug|Any CPU.ActiveCfg = Debug|Any CPU
		{F18AF297-C172-4FE0-AE4E-2E052128FABA}.Debug|Any CPU.Build.0 = Debug|Any CPU
		{F18AF297-C172-4FE0-AE4E-2E052128FABA}.Release|Any CPU.ActiveCfg = Release|Any CPU
		{F18AF297-C172-4FE0-AE4E-2E052128FABA}.Release|Any CPU.Build.0 = Release|Any CPU
	EndGlobalSection
	GlobalSection(SolutionProperties) = preSolution
		HideSolutionNode = FALSE
	EndGlobalSection
	GlobalSection(ExtensibilityGlobals) = postSolution
		SolutionGuid = {B48A45B4-8214-4481-837D-5FD1C6F97A39}
	EndGlobalSection
EndGlobal
